<?xml version="1.0" encoding="utf-8"?>
<Project ToolsVersion="4.0" xmlns="http://schemas.microsoft.com/developer/msbuild/2003">
  <ItemGroup>
    <Filter Include="源文件">
      <UniqueIdentifier>{4FC737F1-C7A5-4376-A066-2A32D752A2FF}</UniqueIdentifier>
      <Extensions>cpp;c;cc;cxx;def;odl;idl;hpj;bat;asm;asmx</Extensions>
    </Filter>
    <Filter Include="头文件">
      <UniqueIdentifier>{93995380-89BD-4b04-88EB-625FBE52EBFB}</UniqueIdentifier>
      <Extensions>h;hh;hpp;hxx;hm;inl;inc;xsd</Extensions>
    </Filter>
    <Filter Include="资源文件">
      <UniqueIdentifier>{67DA6AB6-F800-4c08-8B7A-83BB121AAD01}</UniqueIdentifier>
      <Extensions>rc;ico;cur;bmp;dlg;rc2;rct;bin;rgs;gif;jpg;jpeg;jpe;resx;tiff;tif;png;wav;mfcribbon-ms</Extensions>
    </Filter>
    <Filter Include="源文件\test">
      <UniqueIdentifier>{e4dea349-753b-4cb7-82ae-4b67930cf2dc}</UniqueIdentifier>
    </Filter>
  </ItemGroup>
  <ItemGroup>
    <ClInclude Include="..\..\RedisCpp.h">
      <Filter>源文件</Filter>
    </ClInclude>
    <ClInclude Include="..\..\RedisException.h">
      <Filter>源文件</Filter>
    </ClInclude>
    <ClInclude Include="..\..\RedisHash.h">
      <Filter>源文件</Filter>
    </ClInclude>
    <ClInclude Include="..\..\RedisList.h">
      <Filter>源文件</Filter>
    </ClInclude>
    <ClInclude Include="..\..\RedisString.h">
      <Filter>源文件</Filter>
    </ClInclude>
    <ClInclude Include="..\..\RedisType.h">
      <Filter>源文件</Filter>
    </ClInclude>
    <ClInclude Include="..\..\RedisZset.h">
      <Filter>源文件</Filter>
    </ClInclude>
    <ClInclude Include="..\..\Utile.h">
      <Filter>源文件</Filter>
    </ClInclude>
    <ClInclude Include="..\..\Script.h">
      <Filter>源文件</Filter>
    </ClInclude>
    <ClInclude Include="..\..\test\TestTool.h">
      <Filter>源文件\test</Filter>
    </ClInclude>
    <ClInclude Include="..\..\RedisSet.h">
      <Filter>源文件</Filter>
    </ClInclude>
  </ItemGroup>
  <ItemGroup>
    <ClCompile Include="..\..\RedisException.cpp">
      <Filter>源文件</Filter>
    </ClCompile>
    <ClCompile Include="..\..\RedisHash.cpp">
      <Filter>源文件</Filter>
    </ClCompile>
    <ClCompile Include="..\..\RedisList.cpp">
      <Filter>源文件</Filter>
    </ClCompile>
    <ClCompile Include="..\..\RedisString.cpp">
      <Filter>源文件</Filter>
    </ClCompile>
    <ClCompile Include="..\..\RedisType.cpp">
      <Filter>源文件</Filter>
    </ClCompile>
    <ClCompile Include="..\..\RedisZset.cpp">
      <Filter>源文件</Filter>
    </ClCompile>
    <ClCompile Include="..\..\Utile.cpp">
      <Filter>源文件</Filter>
    </ClCompile>
    <ClCompile Include="..\..\Script.cpp">
      <Filter>源文件</Filter>
    </ClCompile>
    <ClCompile Include="..\..\test\TestTool.cpp">
      <Filter>源文件\test</Filter>
    </ClCompile>
    <ClCompile Include="..\..\test\TestString.cpp">
      <Filter>源文件\test</Filter>
    </ClCompile>
    <ClCompile Include="..\..\test\TestScript.cpp">
      <Filter>源文件\test</Filter>
    </ClCompile>
    <ClCompile Include="..\..\test\TestList.cpp">
      <Filter>源文件\test</Filter>
    </ClCompile>
    <ClCompile Include="..\..\test\TestZset.cpp">
      <Filter>源文件\test</Filter>
    </ClCompile>
    <ClCompile Include="..\..\RedisSet.cpp">
      <Filter>源文件</Filter>
    </ClCompile>
    <ClCompile Include="..\..\test\TestSet.cpp">
      <Filter>源文件\test</Filter>
    </ClCompile>
  </ItemGroup>
</Project>